
Microsoft Visual Studio Solution File, Format Version 12.00
# Visual Studio 2013
VisualStudioVersion = 12.0.31101.0
MinimumVisualStudioVersion = 10.0.40219.1
Project("{FAE04EC0-301F-11D3-BF4B-00C04F79EFBC}") = "HealthPlus", "HealthPlus\HealthPlus.csproj", "{B6723C09-2827-4DD5-AC27-C03754B236FD}"
EndProject
Global
	GlobalSection(SolutionConfigurationPlatforms) = preSolution
		Debug|Any CPU = Debug|Any CPU
		Release|Any CPU = Release|Any CPU
	EndGlobalSection
	GlobalSection(ProjectConfigurationPlatforms) = postSolution
		{B6723C09-2827-4DD5-AC27-C03754B236FD}.Debug|Any CPU.ActiveCfg = Debug|Any CPU
		{B6723C09-2827-4DD5-AC27-C03754B236FD}.Debug|Any CPU.Build.0 = Debug|Any CPU
		{B6723C09-2827-4DD5-AC27-C03754B236FD}.Release|Any CPU.ActiveCfg = Release|Any CPU
		{B6723C09-2827-4DD5-AC27-C03754B236FD}.Release|Any CPU.Build.0 = Release|Any CPU
	EndGlobalSection
	GlobalSection(SolutionProperties) = preSolution
		HideSolutionNode = FALSE
	EndGlobalSection
	GlobalSection(ExtensibilityGlobals) = postSolution
		SolutionGuid = {2999F63E-E4C7-47C7-8A54-4303D4179E07}
	EndGlobalSection
EndGlobal
